
Microsoft Visual Studio Solution File, Format Version 12.00
# Visual Studio Version 16
VisualStudioVersion = 16.0.30611.23
MinimumVisualStudioVersion = 10.0.40219.1
Project("{FAE04EC0-301F-11D3-BF4B-00C04F79EFBC}") = "Program_4_11", "Program_4_11.csproj", "{0B164450-B602-49A5-B25F-E89A21810B33}"
EndProject
Global
	GlobalSection(SolutionConfigurationPlatforms) = preSolution
		Debug|Any CPU = Debug|Any CPU
		Release|Any CPU = Release|Any CPU
	EndGlobalSection
	GlobalSection(ProjectConfigurationPlatforms) = postSolution
		{0B164450-B602-49A5-B25F-E89A21810B33}.Debug|Any CPU.ActiveCfg = Debug|Any CPU
		{0B164450-B602-49A5-B25F-E89A21810B33}.Debug|Any CPU.Build.0 = Debug|Any CPU
		{0B164450-B602-49A5-B25F-E89A21810B33}.Release|Any CPU.ActiveCfg = Release|Any CPU
		{0B164450-B602-49A5-B25F-E89A21810B33}.Release|Any CPU.Build.0 = Release|Any CPU
	EndGlobalSection
	GlobalSection(SolutionProperties) = preSolution
		HideSolutionNode = FALSE
	EndGlobalSection
	GlobalSection(ExtensibilityGlobals) = postSolution
		SolutionGuid = {04DB9597-6112-481D-96FB-AECB30170A65}
	EndGlobalSection
EndGlobal
